
Microsoft Visual Studio Solution File, Format Version 12.00
# Visual Studio Version 17
VisualStudioVersion = 17.13.35806.99 d17.13
MinimumVisualStudioVersion = 10.0.40219.1
Project("{FAE04EC0-301F-11D3-BF4B-00C04F79EFBC}") = "BatchFileRenamer", "BatchFileRenamer.csproj", "{B70F84DE-390D-46B6-9FE7-29CFACE1293A}"
EndProject
Global
	GlobalSection(SolutionConfigurationPlatforms) = preSolution
		Debug|Any CPU = Debug|Any CPU
		Release|Any CPU = Release|Any CPU
	EndGlobalSection
	GlobalSection(ProjectConfigurationPlatforms) = postSolution
		{B70F84DE-390D-46B6-9FE7-29CFACE1293A}.Debug|Any CPU.ActiveCfg = Debug|Any CPU
		{B70F84DE-390D-46B6-9FE7-29CFACE1293A}.Debug|Any CPU.Build.0 = Debug|Any CPU
		{B70F84DE-390D-46B6-9FE7-29CFACE1293A}.Release|Any CPU.ActiveCfg = Release|Any CPU
		{B70F84DE-390D-46B6-9FE7-29CFACE1293A}.Release|Any CPU.Build.0 = Release|Any CPU
	EndGlobalSection
	GlobalSection(SolutionProperties) = preSolution
		HideSolutionNode = FALSE
	EndGlobalSection
	GlobalSection(ExtensibilityGlobals) = postSolution
		SolutionGuid = {BEE7C72C-EE29-4958-B8DA-AA985B40BB04}
	EndGlobalSection
EndGlobal
